
Microsoft Visual Studio Solution File, Format Version 12.00
# Visual Studio Version 18
VisualStudioVersion = 18.6.11822.322 stable
MinimumVisualStudioVersion = 10.0.40219.1
Project("{FAE04EC0-301F-11D3-BF4B-00C04F79EFBC}") = "YAEP.WMS.BLL", "YAEP.WMS.BLL\YAEP.WMS.BLL.csproj", "{2DE06A17-D750-4510-BD85-13D0AF6E3CDD}"
EndProject
Project("{FAE04EC0-301F-11D3-BF4B-00C04F79EFBC}") = "YAEP.WMS.DAL", "YAEP.WMS.DAL\YAEP.WMS.DAL.csproj", "{B8279834-FB81-4C41-9FD2-F8104DF87DA2}"
EndProject
Project("{FAE04EC0-301F-11D3-BF4B-00C04F79EFBC}") = "YAEP.WMS.DI.Agent", "YAEP.WMS.DI.Agent\YAEP.WMS.DI.Agent.csproj", "{6B7EA1D2-C582-472F-A0DC-CE16186BD6CF}"
EndProject
Project("{FAE04EC0-301F-11D3-BF4B-00C04F79EFBC}") = "YAEP.WMS.Interfaces", "YAEP.WMS.Interfaces\YAEP.WMS.Interfaces.csproj", "{45E7D686-0CFE-4E2D-93BA-DF3421286450}"
EndProject
Project("{FAE04EC0-301F-11D3-BF4B-00C04F79EFBC}") = "YAEP.WMS.Model", "YAEP.WMS.Model\YAEP.WMS.Model.csproj", "{D1147254-0B64-49FA-8426-054EBFECF0B2}"
EndProject
Project("{FAE04EC0-301F-11D3-BF4B-00C04F79EFBC}") = "YAEP.WMS.Constant", "YAEP.WMS.Constant\YAEP.WMS.Constant.csproj", "{6E9437B5-3773-4F46-A3F8-2B954476A4CC}"
EndProject
Project("{FAE04EC0-301F-11D3-BF4B-00C04F79EFBC}") = "YAEP.WMS.API", "YAEP.WMS.API\YAEP.WMS.API.csproj", "{9009CE90-7D6D-4BEF-8D68-5883F46AE9C7}"
EndProject
Project("{2150E333-8FDC-42A3-9474-1A3956D46DE8}") = "1_interface", "1_interface", "{270D1014-C399-4F25-9ACD-31E125E8C60C}"
EndProject
Project("{2150E333-8FDC-42A3-9474-1A3956D46DE8}") = "2_Model", "2_Model", "{9E70D080-38CC-424C-AC77-A70A8B8189A1}"
EndProject
Project("{2150E333-8FDC-42A3-9474-1A3956D46DE8}") = "4_Repository", "4_Repository", "{55CE9E02-7EEF-4943-A7C9-173B9CF67465}"
EndProject
Project("{2150E333-8FDC-42A3-9474-1A3956D46DE8}") = "3_BLL", "3_BLL", "{88B6A78D-D59A-4A17-B5E0-F7D423E7B3F6}"
EndProject
Project("{2150E333-8FDC-42A3-9474-1A3956D46DE8}") = "0_Web", "0_Web", "{9D21C090-9F99-4D8A-A501-A2471A71464C}"
EndProject
Project("{2150E333-8FDC-42A3-9474-1A3956D46DE8}") = "5_Common", "5_Common", "{CBDFAFF1-6192-4100-B441-F4F632CDB2BF}"
EndProject
Project("{FAE04EC0-301F-11D3-BF4B-00C04F79EFBC}") = "YAEP.WMS.Language", "YAEP.WMS.Language\YAEP.WMS.Language.csproj", "{83C9F2C2-3938-4089-A2DF-9C14B5500870}"
EndProject
Project("{FAE04EC0-301F-11D3-BF4B-00C04F79EFBC}") = "YAEP.WMS.NotificationSender.Host", "YAEP.WMS.NotificationSender.Host\YAEP.WMS.NotificationSender.Host.csproj", "{5557DFCD-12A9-4D53-BD25-E02CD51DBA0B}"
EndProject
Project("{FAE04EC0-301F-11D3-BF4B-00C04F79EFBC}") = "YAEP.WMS.NotificationReceiver.Client", "YAEP.WMS.NotificationReceiver.Client\YAEP.WMS.NotificationReceiver.Client.csproj", "{3109C7B5-3F08-4A83-B322-104651F535E3}"
EndProject
Project("{FAE04EC0-301F-11D3-BF4B-00C04F79EFBC}") = "YAEP.WMS.NotificationReceiver.Common", "YAEP.WMS.NotificationReceiver.Common\YAEP.WMS.NotificationReceiver.Common.csproj", "{FCB42067-6537-430B-8E06-79E7E1DCFAF1}"
EndProject
Project("{FAE04EC0-301F-11D3-BF4B-00C04F79EFBC}") = "YAEP.WMS.UniversalModule", "YAEP.WMS.UniversalModule\YAEP.WMS.UniversalModule.csproj", "{9072A630-684A-4BD0-95B9-1D76139EEAA5}"
EndProject
Project("{FAE04EC0-301F-11D3-BF4B-00C04F79EFBC}") = "YAEP.WMS.Cache", "YAEP.WMS.Cache\YAEP.WMS.Cache.csproj", "{23E53D4D-0153-4E42-977E-058C02A49D7F}"
EndProject
Project("{FAE04EC0-301F-11D3-BF4B-00C04F79EFBC}") = "YAEP.WMS.Cache.Models", "YAEP.WMS.Cache.Models\YAEP.WMS.Cache.Models.csproj", "{FFC34544-F5C5-4701-BB59-68B2A4451C75}"
EndProject
Project("{FAE04EC0-301F-11D3-BF4B-00C04F79EFBC}") = "YAEP.WMS.Cache.Tests", "YAEP.WMS.Cache.Tests\YAEP.WMS.Cache.Tests.csproj", "{142BCF25-69C4-4F8E-A250-D594A23DE507}"
EndProject
Project("{2150E333-8FDC-42A3-9474-1A3956D46DE8}") = "6_Cache", "6_Cache", "{A6046DBA-48AB-4229-B972-EAEC91A577BA}"
EndProject
Project("{FAE04EC0-301F-11D3-BF4B-00C04F79EFBC}") = "YAEP.WMS.Tracing.Jaeger", "YAEP.WMS.Tracing.Jaeger\YAEP.WMS.Tracing.Jaeger.csproj", "{4B8C1193-7DF8-41E9-8ECB-3AD958072D07}"
EndProject
Global
	GlobalSection(SolutionConfigurationPlatforms) = preSolution
		Debug|Any CPU = Debug|Any CPU
		Release|Any CPU = Release|Any CPU
	EndGlobalSection
	GlobalSection(ProjectConfigurationPlatforms) = postSolution
		{2DE06A17-D750-4510-BD85-13D0AF6E3CDD}.Debug|Any CPU.ActiveCfg = Debug|Any CPU
		{2DE06A17-D750-4510-BD85-13D0AF6E3CDD}.Debug|Any CPU.Build.0 = Debug|Any CPU
		{2DE06A17-D750-4510-BD85-13D0AF6E3CDD}.Release|Any CPU.ActiveCfg = Release|Any CPU
		{2DE06A17-D750-4510-BD85-13D0AF6E3CDD}.Release|Any CPU.Build.0 = Release|Any CPU
		{B8279834-FB81-4C41-9FD2-F8104DF87DA2}.Debug|Any CPU.ActiveCfg = Debug|Any CPU
		{B8279834-FB81-4C41-9FD2-F8104DF87DA2}.Debug|Any CPU.Build.0 = Debug|Any CPU
		{B8279834-FB81-4C41-9FD2-F8104DF87DA2}.Release|Any CPU.ActiveCfg = Release|Any CPU
		{B8279834-FB81-4C41-9FD2-F8104DF87DA2}.Release|Any CPU.Build.0 = Release|Any CPU
		{6B7EA1D2-C582-472F-A0DC-CE16186BD6CF}.Debug|Any CPU.ActiveCfg = Debug|Any CPU
		{6B7EA1D2-C582-472F-A0DC-CE16186BD6CF}.Debug|Any CPU.Build.0 = Debug|Any CPU
		{6B7EA1D2-C582-472F-A0DC-CE16186BD6CF}.Release|Any CPU.ActiveCfg = Release|Any CPU
		{6B7EA1D2-C582-472F-A0DC-CE16186BD6CF}.Release|Any CPU.Build.0 = Release|Any CPU
		{45E7D686-0CFE-4E2D-93BA-DF3421286450}.Debug|Any CPU.ActiveCfg = Debug|Any CPU
		{45E7D686-0CFE-4E2D-93BA-DF3421286450}.Debug|Any CPU.Build.0 = Debug|Any CPU
		{45E7D686-0CFE-4E2D-93BA-DF3421286450}.Release|Any CPU.ActiveCfg = Release|Any CPU
		{45E7D686-0CFE-4E2D-93BA-DF3421286450}.Release|Any CPU.Build.0 = Release|Any CPU
		{D1147254-0B64-49FA-8426-054EBFECF0B2}.Debug|Any CPU.ActiveCfg = Debug|Any CPU
		{D1147254-0B64-49FA-8426-054EBFECF0B2}.Debug|Any CPU.Build.0 = Debug|Any CPU
		{D1147254-0B64-49FA-8426-054EBFECF0B2}.Release|Any CPU.ActiveCfg = Release|Any CPU
		{D1147254-0B64-49FA-8426-054EBFECF0B2}.Release|Any CPU.Build.0 = Release|Any CPU
		{6E9437B5-3773-4F46-A3F8-2B954476A4CC}.Debug|Any CPU.ActiveCfg = Debug|Any CPU
		{6E9437B5-3773-4F46-A3F8-2B954476A4CC}.Debug|Any CPU.Build.0 = Debug|Any CPU
		{6E9437B5-3773-4F46-A3F8-2B954476A4CC}.Release|Any CPU.ActiveCfg = Release|Any CPU
		{6E9437B5-3773-4F46-A3F8-2B954476A4CC}.Release|Any CPU.Build.0 = Release|Any CPU
		{9009CE90-7D6D-4BEF-8D68-5883F46AE9C7}.Debug|Any CPU.ActiveCfg = Debug|Any CPU
		{9009CE90-7D6D-4BEF-8D68-5883F46AE9C7}.Debug|Any CPU.Build.0 = Debug|Any CPU
		{9009CE90-7D6D-4BEF-8D68-5883F46AE9C7}.Release|Any CPU.ActiveCfg = Release|Any CPU
		{9009CE90-7D6D-4BEF-8D68-5883F46AE9C7}.Release|Any CPU.Build.0 = Release|Any CPU
		{83C9F2C2-3938-4089-A2DF-9C14B5500870}.Debug|Any CPU.ActiveCfg = Debug|Any CPU
		{83C9F2C2-3938-4089-A2DF-9C14B5500870}.Debug|Any CPU.Build.0 = Debug|Any CPU
		{83C9F2C2-3938-4089-A2DF-9C14B5500870}.Release|Any CPU.ActiveCfg = Release|Any CPU
		{83C9F2C2-3938-4089-A2DF-9C14B5500870}.Release|Any CPU.Build.0 = Release|Any CPU
		{5557DFCD-12A9-4D53-BD25-E02CD51DBA0B}.Debug|Any CPU.ActiveCfg = Debug|Any CPU
		{5557DFCD-12A9-4D53-BD25-E02CD51DBA0B}.Debug|Any CPU.Build.0 = Debug|Any CPU
		{5557DFCD-12A9-4D53-BD25-E02CD51DBA0B}.Release|Any CPU.ActiveCfg = Release|Any CPU
		{5557DFCD-12A9-4D53-BD25-E02CD51DBA0B}.Release|Any CPU.Build.0 = Release|Any CPU
		{3109C7B5-3F08-4A83-B322-104651F535E3}.Debug|Any CPU.ActiveCfg = Debug|Any CPU
		{3109C7B5-3F08-4A83-B322-104651F535E3}.Debug|Any CPU.Build.0 = Debug|Any CPU
		{3109C7B5-3F08-4A83-B322-104651F535E3}.Release|Any CPU.ActiveCfg = Release|Any CPU
		{3109C7B5-3F08-4A83-B322-104651F535E3}.Release|Any CPU.Build.0 = Release|Any CPU
		{FCB42067-6537-430B-8E06-79E7E1DCFAF1}.Debug|Any CPU.ActiveCfg = Debug|Any CPU
		{FCB42067-6537-430B-8E06-79E7E1DCFAF1}.Debug|Any CPU.Build.0 = Debug|Any CPU
		{FCB42067-6537-430B-8E06-79E7E1DCFAF1}.Release|Any CPU.ActiveCfg = Release|Any CPU
		{FCB42067-6537-430B-8E06-79E7E1DCFAF1}.Release|Any CPU.Build.0 = Release|Any CPU
		{9072A630-684A-4BD0-95B9-1D76139EEAA5}.Debug|Any CPU.ActiveCfg = Debug|Any CPU
		{9072A630-684A-4BD0-95B9-1D76139EEAA5}.Debug|Any CPU.Build.0 = Debug|Any CPU
		{9072A630-684A-4BD0-95B9-1D76139EEAA5}.Release|Any CPU.ActiveCfg = Release|Any CPU
		{9072A630-684A-4BD0-95B9-1D76139EEAA5}.Release|Any CPU.Build.0 = Release|Any CPU
		{23E53D4D-0153-4E42-977E-058C02A49D7F}.Debug|Any CPU.ActiveCfg = Debug|Any CPU
		{23E53D4D-0153-4E42-977E-058C02A49D7F}.Debug|Any CPU.Build.0 = Debug|Any CPU
		{23E53D4D-0153-4E42-977E-058C02A49D7F}.Release|Any CPU.ActiveCfg = Release|Any CPU
		{23E53D4D-0153-4E42-977E-058C02A49D7F}.Release|Any CPU.Build.0 = Release|Any CPU
		{FFC34544-F5C5-4701-BB59-68B2A4451C75}.Debug|Any CPU.ActiveCfg = Debug|Any CPU
		{FFC34544-F5C5-4701-BB59-68B2A4451C75}.Debug|Any CPU.Build.0 = Debug|Any CPU
		{FFC34544-F5C5-4701-BB59-68B2A4451C75}.Release|Any CPU.ActiveCfg = Release|Any CPU
		{FFC34544-F5C5-4701-BB59-68B2A4451C75}.Release|Any CPU.Build.0 = Release|Any CPU
		{142BCF25-69C4-4F8E-A250-D594A23DE507}.Debug|Any CPU.ActiveCfg = Debug|Any CPU
		{142BCF25-69C4-4F8E-A250-D594A23DE507}.Debug|Any CPU.Build.0 = Debug|Any CPU
		{142BCF25-69C4-4F8E-A250-D594A23DE507}.Release|Any CPU.ActiveCfg = Release|Any CPU
		{142BCF25-69C4-4F8E-A250-D594A23DE507}.Release|Any CPU.Build.0 = Release|Any CPU
		{4B8C1193-7DF8-41E9-8ECB-3AD958072D07}.Debug|Any CPU.ActiveCfg = Debug|Any CPU
		{4B8C1193-7DF8-41E9-8ECB-3AD958072D07}.Debug|Any CPU.Build.0 = Debug|Any CPU
		{4B8C1193-7DF8-41E9-8ECB-3AD958072D07}.Release|Any CPU.ActiveCfg = Release|Any CPU
		{4B8C1193-7DF8-41E9-8ECB-3AD958072D07}.Release|Any CPU.Build.0 = Release|Any CPU
	EndGlobalSection
	GlobalSection(SolutionProperties) = preSolution
		HideSolutionNode = FALSE
	EndGlobalSection
	GlobalSection(NestedProjects) = preSolution
		{2DE06A17-D750-4510-BD85-13D0AF6E3CDD} = {88B6A78D-D59A-4A17-B5E0-F7D423E7B3F6}
		{B8279834-FB81-4C41-9FD2-F8104DF87DA2} = {55CE9E02-7EEF-4943-A7C9-173B9CF67465}
		{6B7EA1D2-C582-472F-A0DC-CE16186BD6CF} = {CBDFAFF1-6192-4100-B441-F4F632CDB2BF}
		{45E7D686-0CFE-4E2D-93BA-DF3421286450} = {270D1014-C399-4F25-9ACD-31E125E8C60C}
		{D1147254-0B64-49FA-8426-054EBFECF0B2} = {9E70D080-38CC-424C-AC77-A70A8B8189A1}
		{6E9437B5-3773-4F46-A3F8-2B954476A4CC} = {CBDFAFF1-6192-4100-B441-F4F632CDB2BF}
		{9009CE90-7D6D-4BEF-8D68-5883F46AE9C7} = {9D21C090-9F99-4D8A-A501-A2471A71464C}
		{83C9F2C2-3938-4089-A2DF-9C14B5500870} = {CBDFAFF1-6192-4100-B441-F4F632CDB2BF}
		{5557DFCD-12A9-4D53-BD25-E02CD51DBA0B} = {CBDFAFF1-6192-4100-B441-F4F632CDB2BF}
		{3109C7B5-3F08-4A83-B322-104651F535E3} = {CBDFAFF1-6192-4100-B441-F4F632CDB2BF}
		{FCB42067-6537-430B-8E06-79E7E1DCFAF1} = {CBDFAFF1-6192-4100-B441-F4F632CDB2BF}
		{9072A630-684A-4BD0-95B9-1D76139EEAA5} = {CBDFAFF1-6192-4100-B441-F4F632CDB2BF}
		{23E53D4D-0153-4E42-977E-058C02A49D7F} = {A6046DBA-48AB-4229-B972-EAEC91A577BA}
		{FFC34544-F5C5-4701-BB59-68B2A4451C75} = {A6046DBA-48AB-4229-B972-EAEC91A577BA}
		{142BCF25-69C4-4F8E-A250-D594A23DE507} = {A6046DBA-48AB-4229-B972-EAEC91A577BA}
		{4B8C1193-7DF8-41E9-8ECB-3AD958072D07} = {CBDFAFF1-6192-4100-B441-F4F632CDB2BF}
	EndGlobalSection
	GlobalSection(ExtensibilityGlobals) = postSolution
		RESX_AutoCreateNewLanguageFiles = True
		SolutionGuid = {88CC82E2-C565-4A85-94E7-2539F2D61B3F}
	EndGlobalSection
EndGlobal
